
Microsoft Visual Studio Solution File, Format Version 12.00
# Visual Studio Version 17
VisualStudioVersion = 17.7.34031.279
MinimumVisualStudioVersion = 10.0.40219.1
Project("{FAE04EC0-301F-11D3-BF4B-00C04F79EFBC}") = "RE_Laura_Looney_SD", "RE_Laura_Looney_SD\RE_Laura_Looney_SD.csproj", "{A81B4D8E-50B4-43C9-955A-EBACF48DFB6B}"
EndProject
Global
	GlobalSection(SolutionConfigurationPlatforms) = preSolution
		Debug|Any CPU = Debug|Any CPU
		Release|Any CPU = Release|Any CPU
	EndGlobalSection
	GlobalSection(ProjectConfigurationPlatforms) = postSolution
		{A81B4D8E-50B4-43C9-955A-EBACF48DFB6B}.Debug|Any CPU.ActiveCfg = Debug|Any CPU
		{A81B4D8E-50B4-43C9-955A-EBACF48DFB6B}.Debug|Any CPU.Build.0 = Debug|Any CPU
		{A81B4D8E-50B4-43C9-955A-EBACF48DFB6B}.Release|Any CPU.ActiveCfg = Release|Any CPU
		{A81B4D8E-50B4-43C9-955A-EBACF48DFB6B}.Release|Any CPU.Build.0 = Release|Any CPU
	EndGlobalSection
	GlobalSection(SolutionProperties) = preSolution
		HideSolutionNode = FALSE
	EndGlobalSection
	GlobalSection(ExtensibilityGlobals) = postSolution
		SolutionGuid = {A2BC5D71-4BDA-47E4-A8DF-018C9B30D810}
	EndGlobalSection
EndGlobal
